{
  "pins" : [
    {
      "identity" : "sentry-cocoa",
      "kind" : "remoteSourceControl",
      "location" : "https://github.com/getsentry/sentry-cocoa.git",
      "state" : {
        "revision" : "24fa90aa4ef8f81c65eb5803e40875f685de0dcd",
        "version" : "8.1.0"
      }
    }
  ],
  "version" : 2
}
